
Microsoft Visual Studio Solution File, Format Version 12.00
Project("{FAE04EC0-301F-11D3-BF4B-00C04F79EFBC}") = "MTSJobTasks", "MTSJobTasks\MTSJobTasks.csproj", "{A95EBDCE-C436-4F6E-8570-C255728273DF}"
EndProject
Global
	GlobalSection(SolutionConfigurationPlatforms) = preSolution
		Debug|Any CPU = Debug|Any CPU
		Release|Any CPU = Release|Any CPU
	EndGlobalSection
	GlobalSection(ProjectConfigurationPlatforms) = postSolution
		{A95EBDCE-C436-4F6E-8570-C255728273DF}.Debug|Any CPU.ActiveCfg = Debug|Any CPU
		{A95EBDCE-C436-4F6E-8570-C255728273DF}.Debug|Any CPU.Build.0 = Debug|Any CPU
		{A95EBDCE-C436-4F6E-8570-C255728273DF}.Release|Any CPU.ActiveCfg = Release|Any CPU
		{A95EBDCE-C436-4F6E-8570-C255728273DF}.Release|Any CPU.Build.0 = Release|Any CPU
	EndGlobalSection
EndGlobal
